
Microsoft Visual Studio Solution File, Format Version 12.00
# Visual Studio Version 17
VisualStudioVersion = 17.14.36429.23
MinimumVisualStudioVersion = 10.0.40219.1
Project("{2150E333-8FDC-42A3-9474-1A3956D46DE8}") = "Services", "Services", "{02EA681E-C7D8-13C7-8484-4AC65E1B71E8}"
EndProject
Project("{2150E333-8FDC-42A3-9474-1A3956D46DE8}") = "Catalog", "Catalog", "{BE088197-F594-43A1-8C7A-77451E9A9DA6}"
EndProject
Project("{FAE04EC0-301F-11D3-BF4B-00C04F79EFBC}") = "Catalog.API", "Services\Catalog\Catalog.API\Catalog.API.csproj", "{55624C04-EB0E-40AA-9AC1-872431F96A7C}"
EndProject
Project("{2150E333-8FDC-42A3-9474-1A3956D46DE8}") = "BuildingBlocks", "BuildingBlocks", "{728AA715-0EA8-473E-96A0-C76F61CE0264}"
EndProject
Project("{FAE04EC0-301F-11D3-BF4B-00C04F79EFBC}") = "BuildingBlocks", "BuildingBlocks\BuildingBlocks\BuildingBlocks.csproj", "{D6F7AABD-0203-487C-9F91-2E19B03BD1AD}"
EndProject
Global
	GlobalSection(SolutionConfigurationPlatforms) = preSolution
		Debug|Any CPU = Debug|Any CPU
		Release|Any CPU = Release|Any CPU
	EndGlobalSection
	GlobalSection(ProjectConfigurationPlatforms) = postSolution
		{55624C04-EB0E-40AA-9AC1-872431F96A7C}.Debug|Any CPU.ActiveCfg = Debug|Any CPU
		{55624C04-EB0E-40AA-9AC1-872431F96A7C}.Debug|Any CPU.Build.0 = Debug|Any CPU
		{55624C04-EB0E-40AA-9AC1-872431F96A7C}.Release|Any CPU.ActiveCfg = Release|Any CPU
		{55624C04-EB0E-40AA-9AC1-872431F96A7C}.Release|Any CPU.Build.0 = Release|Any CPU
		{D6F7AABD-0203-487C-9F91-2E19B03BD1AD}.Debug|Any CPU.ActiveCfg = Debug|Any CPU
		{D6F7AABD-0203-487C-9F91-2E19B03BD1AD}.Debug|Any CPU.Build.0 = Debug|Any CPU
		{D6F7AABD-0203-487C-9F91-2E19B03BD1AD}.Release|Any CPU.ActiveCfg = Release|Any CPU
		{D6F7AABD-0203-487C-9F91-2E19B03BD1AD}.Release|Any CPU.Build.0 = Release|Any CPU
	EndGlobalSection
	GlobalSection(SolutionProperties) = preSolution
		HideSolutionNode = FALSE
	EndGlobalSection
	GlobalSection(NestedProjects) = preSolution
		{BE088197-F594-43A1-8C7A-77451E9A9DA6} = {02EA681E-C7D8-13C7-8484-4AC65E1B71E8}
		{55624C04-EB0E-40AA-9AC1-872431F96A7C} = {BE088197-F594-43A1-8C7A-77451E9A9DA6}
		{D6F7AABD-0203-487C-9F91-2E19B03BD1AD} = {728AA715-0EA8-473E-96A0-C76F61CE0264}
	EndGlobalSection
	GlobalSection(ExtensibilityGlobals) = postSolution
		SolutionGuid = {E96B506A-C5FD-4471-BCB3-AC61F81777E6}
	EndGlobalSection
EndGlobal
